
Microsoft Visual Studio Solution File, Format Version 11.00
# Visual Studio 2010
Project("{FAE04EC0-301F-11D3-BF4B-00C04F79EFBC}") = "SIFCA", "SIFCA\SIFCA.csproj", "{683351D9-2A18-47C7-BD93-B9F9D45F042D}"
EndProject
Project("{FAE04EC0-301F-11D3-BF4B-00C04F79EFBC}") = "SIFCA_BLL", "SIFCA_BLL\SIFCA_BLL.csproj", "{E735AE40-FD8E-409E-80DC-23F44C4B8E72}"
EndProject
Project("{FAE04EC0-301F-11D3-BF4B-00C04F79EFBC}") = "SIFCA_DAL", "SIFCA_DAL\SIFCA_DAL.csproj", "{EE4872EC-67BA-4B8E-B7BA-8EB8DD171DE3}"
EndProject
Project("{FAE04EC0-301F-11D3-BF4B-00C04F79EFBC}") = "CONFIGURAR_SETUP", "CONFIGURAR_SETUP\CONFIGURAR_SETUP.csproj", "{2D3C87C4-BE8D-4E70-958D-AC6BA7AC917F}"
EndProject
Global
	GlobalSection(TeamFoundationVersionControl) = preSolution
		SccNumberOfProjects = 5
		SccEnterpriseProvider = {4CA58AB2-18FA-4F8D-95D4-32DDF27D184C}
		SccTeamFoundationServer = https://sifca.visualstudio.com/defaultcollection
		SccLocalPath0 = .
		SccProjectUniqueName1 = SIFCA\\SIFCA.csproj
		SccProjectName1 = SIFCA
		SccLocalPath1 = SIFCA
		SccProjectUniqueName2 = SIFCA_BLL\\SIFCA_BLL.csproj
		SccProjectName2 = SIFCA_BLL
		SccLocalPath2 = SIFCA_BLL
		SccProjectUniqueName3 = SIFCA_DAL\\SIFCA_DAL.csproj
		SccProjectName3 = SIFCA_DAL
		SccLocalPath3 = SIFCA_DAL
		SccProjectUniqueName4 = CONFIGURAR_SETUP\\CONFIGURAR_SETUP.csproj
		SccProjectName4 = CONFIGURAR_SETUP
		SccLocalPath4 = CONFIGURAR_SETUP
	EndGlobalSection
	GlobalSection(SolutionConfigurationPlatforms) = preSolution
		CD_ROM|Any CPU = CD_ROM|Any CPU
		CD_ROM|Mixed Platforms = CD_ROM|Mixed Platforms
		CD_ROM|x86 = CD_ROM|x86
		Debug|Any CPU = Debug|Any CPU
		Debug|Mixed Platforms = Debug|Mixed Platforms
		Debug|x86 = Debug|x86
		DVD-5|Any CPU = DVD-5|Any CPU
		DVD-5|Mixed Platforms = DVD-5|Mixed Platforms
		DVD-5|x86 = DVD-5|x86
		Release|Any CPU = Release|Any CPU
		Release|Mixed Platforms = Release|Mixed Platforms
		Release|x86 = Release|x86
		SingleImage|Any CPU = SingleImage|Any CPU
		SingleImage|Mixed Platforms = SingleImage|Mixed Platforms
		SingleImage|x86 = SingleImage|x86
	EndGlobalSection
	GlobalSection(ProjectConfigurationPlatforms) = postSolution
		{683351D9-2A18-47C7-BD93-B9F9D45F042D}.CD_ROM|Any CPU.ActiveCfg = Release|x86
		{683351D9-2A18-47C7-BD93-B9F9D45F042D}.CD_ROM|Mixed Platforms.ActiveCfg = Release|x86
		{683351D9-2A18-47C7-BD93-B9F9D45F042D}.CD_ROM|Mixed Platforms.Build.0 = Release|x86
		{683351D9-2A18-47C7-BD93-B9F9D45F042D}.CD_ROM|x86.ActiveCfg = Release|x86
		{683351D9-2A18-47C7-BD93-B9F9D45F042D}.CD_ROM|x86.Build.0 = Release|x86
		{683351D9-2A18-47C7-BD93-B9F9D45F042D}.Debug|Any CPU.ActiveCfg = Debug|x86
		{683351D9-2A18-47C7-BD93-B9F9D45F042D}.Debug|Mixed Platforms.ActiveCfg = Debug|x86
		{683351D9-2A18-47C7-BD93-B9F9D45F042D}.Debug|Mixed Platforms.Build.0 = Debug|x86
		{683351D9-2A18-47C7-BD93-B9F9D45F042D}.Debug|x86.ActiveCfg = Debug|x86
		{683351D9-2A18-47C7-BD93-B9F9D45F042D}.Debug|x86.Build.0 = Debug|x86
		{683351D9-2A18-47C7-BD93-B9F9D45F042D}.DVD-5|Any CPU.ActiveCfg = Debug|x86
		{683351D9-2A18-47C7-BD93-B9F9D45F042D}.DVD-5|Mixed Platforms.ActiveCfg = Debug|x86
		{683351D9-2A18-47C7-BD93-B9F9D45F042D}.DVD-5|Mixed Platforms.Build.0 = Debug|x86
		{683351D9-2A18-47C7-BD93-B9F9D45F042D}.DVD-5|x86.ActiveCfg = Debug|x86
		{683351D9-2A18-47C7-BD93-B9F9D45F042D}.DVD-5|x86.Build.0 = Debug|x86
		{683351D9-2A18-47C7-BD93-B9F9D45F042D}.Release|Any CPU.ActiveCfg = Release|x86
		{683351D9-2A18-47C7-BD93-B9F9D45F042D}.Release|Mixed Platforms.ActiveCfg = Release|x86
		{683351D9-2A18-47C7-BD93-B9F9D45F042D}.Release|Mixed Platforms.Build.0 = Release|x86
		{683351D9-2A18-47C7-BD93-B9F9D45F042D}.Release|x86.ActiveCfg = Release|x86
		{683351D9-2A18-47C7-BD93-B9F9D45F042D}.Release|x86.Build.0 = Release|x86
		{683351D9-2A18-47C7-BD93-B9F9D45F042D}.SingleImage|Any CPU.ActiveCfg = Release|x86
		{683351D9-2A18-47C7-BD93-B9F9D45F042D}.SingleImage|Mixed Platforms.ActiveCfg = Release|x86
		{683351D9-2A18-47C7-BD93-B9F9D45F042D}.SingleImage|Mixed Platforms.Build.0 = Release|x86
		{683351D9-2A18-47C7-BD93-B9F9D45F042D}.SingleImage|x86.ActiveCfg = Release|x86
		{683351D9-2A18-47C7-BD93-B9F9D45F042D}.SingleImage|x86.Build.0 = Release|x86
		{E735AE40-FD8E-409E-80DC-23F44C4B8E72}.CD_ROM|Any CPU.ActiveCfg = Release|Any CPU
		{E735AE40-FD8E-409E-80DC-23F44C4B8E72}.CD_ROM|Any CPU.Build.0 = Release|Any CPU
		{E735AE40-FD8E-409E-80DC-23F44C4B8E72}.CD_ROM|Mixed Platforms.ActiveCfg = Release|Any CPU
		{E735AE40-FD8E-409E-80DC-23F44C4B8E72}.CD_ROM|Mixed Platforms.Build.0 = Release|Any CPU
		{E735AE40-FD8E-409E-80DC-23F44C4B8E72}.CD_ROM|x86.ActiveCfg = Release|Any CPU
		{E735AE40-FD8E-409E-80DC-23F44C4B8E72}.Debug|Any CPU.ActiveCfg = Debug|Any CPU
		{E735AE40-FD8E-409E-80DC-23F44C4B8E72}.Debug|Any CPU.Build.0 = Debug|Any CPU
		{E735AE40-FD8E-409E-80DC-23F44C4B8E72}.Debug|Mixed Platforms.ActiveCfg = Debug|Any CPU
		{E735AE40-FD8E-409E-80DC-23F44C4B8E72}.Debug|Mixed Platforms.Build.0 = Debug|Any CPU
		{E735AE40-FD8E-409E-80DC-23F44C4B8E72}.Debug|x86.ActiveCfg = Debug|Any CPU
		{E735AE40-FD8E-409E-80DC-23F44C4B8E72}.DVD-5|Any CPU.ActiveCfg = Debug|Any CPU
		{E735AE40-FD8E-409E-80DC-23F44C4B8E72}.DVD-5|Any CPU.Build.0 = Debug|Any CPU
		{E735AE40-FD8E-409E-80DC-23F44C4B8E72}.DVD-5|Mixed Platforms.ActiveCfg = Debug|Any CPU
		{E735AE40-FD8E-409E-80DC-23F44C4B8E72}.DVD-5|Mixed Platforms.Build.0 = Debug|Any CPU
		{E735AE40-FD8E-409E-80DC-23F44C4B8E72}.DVD-5|x86.ActiveCfg = Debug|Any CPU
		{E735AE40-FD8E-409E-80DC-23F44C4B8E72}.Release|Any CPU.ActiveCfg = Release|Any CPU
		{E735AE40-FD8E-409E-80DC-23F44C4B8E72}.Release|Any CPU.Build.0 = Release|Any CPU
		{E735AE40-FD8E-409E-80DC-23F44C4B8E72}.Release|Mixed Platforms.ActiveCfg = Release|Any CPU
		{E735AE40-FD8E-409E-80DC-23F44C4B8E72}.Release|Mixed Platforms.Build.0 = Release|Any CPU
		{E735AE40-FD8E-409E-80DC-23F44C4B8E72}.Release|x86.ActiveCfg = Release|Any CPU
		{E735AE40-FD8E-409E-80DC-23F44C4B8E72}.SingleImage|Any CPU.ActiveCfg = Release|Any CPU
		{E735AE40-FD8E-409E-80DC-23F44C4B8E72}.SingleImage|Any CPU.Build.0 = Release|Any CPU
		{E735AE40-FD8E-409E-80DC-23F44C4B8E72}.SingleImage|Mixed Platforms.ActiveCfg = Release|Any CPU
		{E735AE40-FD8E-409E-80DC-23F44C4B8E72}.SingleImage|Mixed Platforms.Build.0 = Release|Any CPU
		{E735AE40-FD8E-409E-80DC-23F44C4B8E72}.SingleImage|x86.ActiveCfg = Release|Any CPU
		{EE4872EC-67BA-4B8E-B7BA-8EB8DD171DE3}.CD_ROM|Any CPU.ActiveCfg = Release|Any CPU
		{EE4872EC-67BA-4B8E-B7BA-8EB8DD171DE3}.CD_ROM|Any CPU.Build.0 = Release|Any CPU
		{EE4872EC-67BA-4B8E-B7BA-8EB8DD171DE3}.CD_ROM|Mixed Platforms.ActiveCfg = Release|Any CPU
		{EE4872EC-67BA-4B8E-B7BA-8EB8DD171DE3}.CD_ROM|Mixed Platforms.Build.0 = Release|Any CPU
		{EE4872EC-67BA-4B8E-B7BA-8EB8DD171DE3}.CD_ROM|x86.ActiveCfg = Release|Any CPU
		{EE4872EC-67BA-4B8E-B7BA-8EB8DD171DE3}.Debug|Any CPU.ActiveCfg = Debug|Any CPU
		{EE4872EC-67BA-4B8E-B7BA-8EB8DD171DE3}.Debug|Any CPU.Build.0 = Debug|Any CPU
		{EE4872EC-67BA-4B8E-B7BA-8EB8DD171DE3}.Debug|Mixed Platforms.ActiveCfg = Debug|Any CPU
		{EE4872EC-67BA-4B8E-B7BA-8EB8DD171DE3}.Debug|Mixed Platforms.Build.0 = Debug|Any CPU
		{EE4872EC-67BA-4B8E-B7BA-8EB8DD171DE3}.Debug|x86.ActiveCfg = Debug|Any CPU
		{EE4872EC-67BA-4B8E-B7BA-8EB8DD171DE3}.DVD-5|Any CPU.ActiveCfg = Debug|Any CPU
		{EE4872EC-67BA-4B8E-B7BA-8EB8DD171DE3}.DVD-5|Any CPU.Build.0 = Debug|Any CPU
		{EE4872EC-67BA-4B8E-B7BA-8EB8DD171DE3}.DVD-5|Mixed Platforms.ActiveCfg = Debug|Any CPU
		{EE4872EC-67BA-4B8E-B7BA-8EB8DD171DE3}.DVD-5|Mixed Platforms.Build.0 = Debug|Any CPU
		{EE4872EC-67BA-4B8E-B7BA-8EB8DD171DE3}.DVD-5|x86.ActiveCfg = Debug|Any CPU
		{EE4872EC-67BA-4B8E-B7BA-8EB8DD171DE3}.Release|Any CPU.ActiveCfg = Release|Any CPU
		{EE4872EC-67BA-4B8E-B7BA-8EB8DD171DE3}.Release|Any CPU.Build.0 = Release|Any CPU
		{EE4872EC-67BA-4B8E-B7BA-8EB8DD171DE3}.Release|Mixed Platforms.ActiveCfg = Release|Any CPU
		{EE4872EC-67BA-4B8E-B7BA-8EB8DD171DE3}.Release|Mixed Platforms.Build.0 = Release|Any CPU
		{EE4872EC-67BA-4B8E-B7BA-8EB8DD171DE3}.Release|x86.ActiveCfg = Release|Any CPU
		{EE4872EC-67BA-4B8E-B7BA-8EB8DD171DE3}.SingleImage|Any CPU.ActiveCfg = Release|Any CPU
		{EE4872EC-67BA-4B8E-B7BA-8EB8DD171DE3}.SingleImage|Any CPU.Build.0 = Release|Any CPU
		{EE4872EC-67BA-4B8E-B7BA-8EB8DD171DE3}.SingleImage|Mixed Platforms.ActiveCfg = Release|Any CPU
		{EE4872EC-67BA-4B8E-B7BA-8EB8DD171DE3}.SingleImage|Mixed Platforms.Build.0 = Release|Any CPU
		{EE4872EC-67BA-4B8E-B7BA-8EB8DD171DE3}.SingleImage|x86.ActiveCfg = Release|Any CPU
		{2D3C87C4-BE8D-4E70-958D-AC6BA7AC917F}.CD_ROM|Any CPU.ActiveCfg = Release|Any CPU
		{2D3C87C4-BE8D-4E70-958D-AC6BA7AC917F}.CD_ROM|Any CPU.Build.0 = Release|Any CPU
		{2D3C87C4-BE8D-4E70-958D-AC6BA7AC917F}.CD_ROM|Mixed Platforms.ActiveCfg = Release|Any CPU
		{2D3C87C4-BE8D-4E70-958D-AC6BA7AC917F}.CD_ROM|Mixed Platforms.Build.0 = Release|Any CPU
		{2D3C87C4-BE8D-4E70-958D-AC6BA7AC917F}.CD_ROM|x86.ActiveCfg = Release|Any CPU
		{2D3C87C4-BE8D-4E70-958D-AC6BA7AC917F}.Debug|Any CPU.ActiveCfg = Debug|Any CPU
		{2D3C87C4-BE8D-4E70-958D-AC6BA7AC917F}.Debug|Any CPU.Build.0 = Debug|Any CPU
		{2D3C87C4-BE8D-4E70-958D-AC6BA7AC917F}.Debug|Mixed Platforms.ActiveCfg = Debug|Any CPU
		{2D3C87C4-BE8D-4E70-958D-AC6BA7AC917F}.Debug|Mixed Platforms.Build.0 = Debug|Any CPU
		{2D3C87C4-BE8D-4E70-958D-AC6BA7AC917F}.Debug|x86.ActiveCfg = Debug|Any CPU
		{2D3C87C4-BE8D-4E70-958D-AC6BA7AC917F}.DVD-5|Any CPU.ActiveCfg = Debug|Any CPU
		{2D3C87C4-BE8D-4E70-958D-AC6BA7AC917F}.DVD-5|Any CPU.Build.0 = Debug|Any CPU
		{2D3C87C4-BE8D-4E70-958D-AC6BA7AC917F}.DVD-5|Mixed Platforms.ActiveCfg = Debug|Any CPU
		{2D3C87C4-BE8D-4E70-958D-AC6BA7AC917F}.DVD-5|Mixed Platforms.Build.0 = Debug|Any CPU
		{2D3C87C4-BE8D-4E70-958D-AC6BA7AC917F}.DVD-5|x86.ActiveCfg = Debug|Any CPU
		{2D3C87C4-BE8D-4E70-958D-AC6BA7AC917F}.Release|Any CPU.ActiveCfg = Release|Any CPU
		{2D3C87C4-BE8D-4E70-958D-AC6BA7AC917F}.Release|Any CPU.Build.0 = Release|Any CPU
		{2D3C87C4-BE8D-4E70-958D-AC6BA7AC917F}.Release|Mixed Platforms.ActiveCfg = Release|Any CPU
		{2D3C87C4-BE8D-4E70-958D-AC6BA7AC917F}.Release|Mixed Platforms.Build.0 = Release|Any CPU
		{2D3C87C4-BE8D-4E70-958D-AC6BA7AC917F}.Release|x86.ActiveCfg = Release|Any CPU
		{2D3C87C4-BE8D-4E70-958D-AC6BA7AC917F}.SingleImage|Any CPU.ActiveCfg = Release|Any CPU
		{2D3C87C4-BE8D-4E70-958D-AC6BA7AC917F}.SingleImage|Any CPU.Build.0 = Release|Any CPU
		{2D3C87C4-BE8D-4E70-958D-AC6BA7AC917F}.SingleImage|Mixed Platforms.ActiveCfg = Release|Any CPU
		{2D3C87C4-BE8D-4E70-958D-AC6BA7AC917F}.SingleImage|Mixed Platforms.Build.0 = Release|Any CPU
		{2D3C87C4-BE8D-4E70-958D-AC6BA7AC917F}.SingleImage|x86.ActiveCfg = Release|Any CPU
	EndGlobalSection
	GlobalSection(SolutionProperties) = preSolution
		HideSolutionNode = FALSE
	EndGlobalSection
EndGlobal
